// !$*UTF8*$!
{
	archiveVersion = 1;
	classes = {
	};
	objectVersion = 56;
	objects = {

/* Begin PBXBuildFile section */
		DF5BA80929DA989C00C96823 /* HTTPMethod.swift in Sources */ = {isa = PBXBuildFile; fileRef = DF5BA80829DA989C00C96823 /* HTTPMethod.swift */; };
		DF5BA80B29DA996800C96823 /* NetworkError.swift in Sources */ = {isa = PBXBuildFile; fileRef = DF5BA80A29DA996800C96823 /* NetworkError.swift */; };
		DF5BA81129DAA16700C96823 /* Networkable.swift in Sources */ = {isa = PBXBuildFile; fileRef = DF5BA81029DAA16700C96823 /* Networkable.swift */; };
		DF82076029D1635200E6854A /* AppDelegate.swift in Sources */ = {isa = PBXBuildFile; fileRef = DF82075F29D1635200E6854A /* AppDelegate.swift */; };
		DF82076229D1635200E6854A /* SceneDelegate.swift in Sources */ = {isa = PBXBuildFile; fileRef = DF82076129D1635200E6854A /* SceneDelegate.swift */; };
		DF82076429D1635200E6854A /* ViewController.swift in Sources */ = {isa = PBXBuildFile; fileRef = DF82076329D1635200E6854A /* ViewController.swift */; };
		DF82076929D1635300E6854A /* Assets.xcassets in Resources */ = {isa = PBXBuildFile; fileRef = DF82076829D1635300E6854A /* Assets.xcassets */; };
		DF82076C29D1635300E6854A /* LaunchScreen.storyboard in Resources */ = {isa = PBXBuildFile; fileRef = DF82076A29D1635300E6854A /* LaunchScreen.storyboard */; };
/* End PBXBuildFile section */

/* Begin PBXFileReference section */
		DF5BA80829DA989C00C96823 /* HTTPMethod.swift */ = {isa = PBXFileReference; lastKnownFileType = sourcecode.swift; path = HTTPMethod.swift; sourceTree = "<group>"; };
		DF5BA80A29DA996800C96823 /* NetworkError.swift */ = {isa = PBXFileReference; lastKnownFileType = sourcecode.swift; path = NetworkError.swift; sourceTree = "<group>"; };
		DF5BA81029DAA16700C96823 /* Networkable.swift */ = {isa = PBXFileReference; lastKnownFileType = sourcecode.swift; path = Networkable.swift; sourceTree = "<group>"; };
		DF82075C29D1635200E6854A /* remy-movie.app */ = {isa = PBXFileReference; explicitFileType = wrapper.application; includeInIndex = 0; path = "remy-movie.app"; sourceTree = BUILT_PRODUCTS_DIR; };
		DF82075F29D1635200E6854A /* AppDelegate.swift */ = {isa = PBXFileReference; lastKnownFileType = sourcecode.swift; path = AppDelegate.swift; sourceTree = "<group>"; };
		DF82076129D1635200E6854A /* SceneDelegate.swift */ = {isa = PBXFileReference; lastKnownFileType = sourcecode.swift; path = SceneDelegate.swift; sourceTree = "<group>"; };
		DF82076329D1635200E6854A /* ViewController.swift */ = {isa = PBXFileReference; lastKnownFileType = sourcecode.swift; path = ViewController.swift; sourceTree = "<group>"; };
		DF82076829D1635300E6854A /* Assets.xcassets */ = {isa = PBXFileReference; lastKnownFileType = folder.assetcatalog; path = Assets.xcassets; sourceTree = "<group>"; };
		DF82076B29D1635300E6854A /* Base */ = {isa = PBXFileReference; lastKnownFileType = file.storyboard; name = Base; path = Base.lproj/LaunchScreen.storyboard; sourceTree = "<group>"; };
		DF82076D29D1635300E6854A /* Info.plist */ = {isa = PBXFileReference; lastKnownFileType = text.plist.xml; path = Info.plist; sourceTree = "<group>"; };
/* End PBXFileReference section */

/* Begin PBXFrameworksBuildPhase section */
		DF82075929D1635200E6854A /* Frameworks */ = {
			isa = PBXFrameworksBuildPhase;
			buildActionMask = 2147483647;
			files = (
			);
			runOnlyForDeploymentPostprocessing = 0;
		};
/* End PBXFrameworksBuildPhase section */

/* Begin PBXGroup section */
		DF5BA80729DA988F00C96823 /* Data */ = {
			isa = PBXGroup;
			children = (
				DF5BA80829DA989C00C96823 /* HTTPMethod.swift */,
				DF5BA80A29DA996800C96823 /* NetworkError.swift */,
				DF5BA81029DAA16700C96823 /* Networkable.swift */,
			);
			path = Data;
			sourceTree = "<group>";
		};
		DF82075329D1635200E6854A = {
			isa = PBXGroup;
			children = (
				DF82075E29D1635200E6854A /* remy-movie */,
				DF82075D29D1635200E6854A /* Products */,
			);
			sourceTree = "<group>";
		};
		DF82075D29D1635200E6854A /* Products */ = {
			isa = PBXGroup;
			children = (
				DF82075C29D1635200E6854A /* remy-movie.app */,
			);
			name = Products;
			sourceTree = "<group>";
		};
		DF82075E29D1635200E6854A /* remy-movie */ = {
			isa = PBXGroup;
			children = (
				DF82077329D1637500E6854A /* Application */,
				DF82077529D1639100E6854A /* Scene */,
				DF5BA80729DA988F00C96823 /* Data */,
				DF82077429D1637E00E6854A /* Resources */,
			);
			path = "remy-movie";
			sourceTree = "<group>";
		};
		DF82077329D1637500E6854A /* Application */ = {
			isa = PBXGroup;
			children = (
				DF82075F29D1635200E6854A /* AppDelegate.swift */,
				DF82076129D1635200E6854A /* SceneDelegate.swift */,
			);
			path = Application;
			sourceTree = "<group>";
		};
		DF82077429D1637E00E6854A /* Resources */ = {
			isa = PBXGroup;
			children = (
				DF82076829D1635300E6854A /* Assets.xcassets */,
				DF82076A29D1635300E6854A /* LaunchScreen.storyboard */,
				DF82076D29D1635300E6854A /* Info.plist */,
			);
			path = Resources;
			sourceTree = "<group>";
		};
		DF82077529D1639100E6854A /* Scene */ = {
			isa = PBXGroup;
			children = (
				DF82076329D1635200E6854A /* ViewController.swift */,
			);
			path = Scene;
			sourceTree = "<group>";
		};
/* End PBXGroup section */

/* Begin PBXNativeTarget section */
		DF82075B29D1635200E6854A /* remy-movie */ = {
			isa = PBXNativeTarget;
			buildConfigurationList = DF82077029D1635300E6854A /* Build configuration list for PBXNativeTarget "remy-movie" */;
			buildPhases = (
				DF82075829D1635200E6854A /* Sources */,
				DF82075929D1635200E6854A /* Frameworks */,
				DF82075A29D1635200E6854A /* Resources */,
			);
			buildRules = (
			);
			dependencies = (
			);
			name = "remy-movie";
			productName = "remy-movie";
			productReference = DF82075C29D1635200E6854A /* remy-movie.app */;
			productType = "com.apple.product-type.application";
		};
/* End PBXNativeTarget section */

/* Begin PBXProject section */
		DF82075429D1635200E6854A /* Project object */ = {
			isa = PBXProject;
			attributes = {
				BuildIndependentTargetsInParallel = 1;
				LastSwiftUpdateCheck = 1400;
				LastUpgradeCheck = 1400;
				TargetAttributes = {
					DF82075B29D1635200E6854A = {
						CreatedOnToolsVersion = 14.0.1;
					};
				};
			};
			buildConfigurationList = DF82075729D1635200E6854A /* Build configuration list for PBXProject "remy-movie" */;
			compatibilityVersion = "Xcode 14.0";
			developmentRegion = en;
			hasScannedForEncodings = 0;
			knownRegions = (
				en,
				Base,
			);
			mainGroup = DF82075329D1635200E6854A;
			productRefGroup = DF82075D29D1635200E6854A /* Products */;
			projectDirPath = "";
			projectRoot = "";
			targets = (
				DF82075B29D1635200E6854A /* remy-movie */,
			);
		};
/* End PBXProject section */

/* Begin PBXResourcesBuildPhase section */
		DF82075A29D1635200E6854A /* Resources */ = {
			isa = PBXResourcesBuildPhase;
			buildActionMask = 2147483647;
			files = (
				DF82076C29D1635300E6854A /* LaunchScreen.storyboard in Resources */,
				DF82076929D1635300E6854A /* Assets.xcassets in Resources */,
			);
			runOnlyForDeploymentPostprocessing = 0;
		};
/* End PBXResourcesBuildPhase section */

/* Begin PBXSourcesBuildPhase section */
		DF82075829D1635200E6854A /* Sources */ = {
			isa = PBXSourcesBuildPhase;
			buildActionMask = 2147483647;
			files = (
				DF5BA80929DA989C00C96823 /* HTTPMethod.swift in Sources */,
				DF82076429D1635200E6854A /* ViewController.swift in Sources */,
				DF82076029D1635200E6854A /* AppDelegate.swift in Sources */,
				DF82076229D1635200E6854A /* SceneDelegate.swift in Sources */,
				DF5BA81129DAA16700C96823 /* Networkable.swift in Sources */,
				DF5BA80B29DA996800C96823 /* NetworkError.swift in Sources */,
			);
			runOnlyForDeploymentPostprocessing = 0;
		};
/* End PBXSourcesBuildPhase section */

/* Begin PBXVariantGroup section */
		DF82076A29D1635300E6854A /* LaunchScreen.storyboard */ = {
			isa = PBXVariantGroup;
			children = (
				DF82076B29D1635300E6854A /* Base */,
			);
			name = LaunchScreen.storyboard;
			sourceTree = "<group>";
		};
/* End PBXVariantGroup section */

/* Begin XCBuildConfiguration section */
		DF82076E29D1635300E6854A /* Debug */ = {
			isa = XCBuildConfiguration;
			buildSettings = {
				ALWAYS_SEARCH_USER_PATHS = NO;
				CLANG_ANALYZER_NONNULL = YES;
				CLANG_ANALYZER_NUMBER_OBJECT_CONVERSION = YES_AGGRESSIVE;
				CLANG_CXX_LANGUAGE_STANDARD = "gnu++20";
				CLANG_ENABLE_MODULES = YES;
				CLANG_ENABLE_OBJC_ARC = YES;
				CLANG_ENABLE_OBJC_WEAK = YES;
				CLANG_WARN_BLOCK_CAPTURE_AUTORELEASING = YES;
				CLANG_WARN_BOOL_CONVERSION = YES;
				CLANG_WARN_COMMA = YES;
				CLANG_WARN_CONSTANT_CONVERSION = YES;
				CLANG_WARN_DEPRECATED_OBJC_IMPLEMENTATIONS = YES;
				CLANG_WARN_DIRECT_OBJC_ISA_USAGE = YES_ERROR;
				CLANG_WARN_DOCUMENTATION_COMMENTS = YES;
				CLANG_WARN_EMPTY_BODY = YES;
				CLANG_WARN_ENUM_CONVERSION = YES;
				CLANG_WARN_INFINITE_RECURSION = YES;
				CLANG_WARN_INT_CONVERSION = YES;
				CLANG_WARN_NON_LITERAL_NULL_CONVERSION = YES;
				CLANG_WARN_OBJC_IMPLICIT_RETAIN_SELF = YES;
				CLANG_WARN_OBJC_LITERAL_CONVERSION = YES;
				CLANG_WARN_OBJC_ROOT_CLASS = YES_ERROR;
				CLANG_WARN_QUOTED_INCLUDE_IN_FRAMEWORK_HEADER = YES;
				CLANG_WARN_RANGE_LOOP_ANALYSIS = YES;
				CLANG_WARN_STRICT_PROTOTYPES = YES;
				CLANG_WARN_SUSPICIOUS_MOVE = YES;
				CLANG_WARN_UNGUARDED_AVAILABILITY = YES_AGGRESSIVE;
				CLANG_WARN_UNREACHABLE_CODE = YES;
				CLANG_WARN__DUPLICATE_METHOD_MATCH = YES;
				COPY_PHASE_STRIP = NO;
				DEBUG_INFORMATION_FORMAT = dwarf;
				ENABLE_STRICT_OBJC_MSGSEND = YES;
				ENABLE_TESTABILITY = YES;
				GCC_C_LANGUAGE_STANDARD = gnu11;
				GCC_DYNAMIC_NO_PIC = NO;
				GCC_NO_COMMON_BLOCKS = YES;
				GCC_OPTIMIZATION_LEVEL = 0;
				GCC_PREPROCESSOR_DEFINITIONS = (
					"DEBUG=1",
					"$(inherited)",
				);
				GCC_WARN_64_TO_32_BIT_CONVERSION = YES;
				GCC_WARN_ABOUT_RETURN_TYPE = YES_ERROR;
				GCC_WARN_UNDECLARED_SELECTOR = YES;
				GCC_WARN_UNINITIALIZED_AUTOS = YES_AGGRESSIVE;
				GCC_WARN_UNUSED_FUNCTION = YES;
				GCC_WARN_UNUSED_VARIABLE = YES;
				IPHONEOS_DEPLOYMENT_TARGET = 16.0;
				MTL_ENABLE_DEBUG_INFO = INCLUDE_SOURCE;
				MTL_FAST_MATH = YES;
				ONLY_ACTIVE_ARCH = YES;
				SDKROOT = iphoneos;
				SWIFT_ACTIVE_COMPILATION_CONDITIONS = DEBUG;
				SWIFT_OPTIMIZATION_LEVEL = "-Onone";
			};
			name = Debug;
		};
		DF82076F29D1635300E6854A /* Release */ = {
			isa = XCBuildConfiguration;
			buildSettings = {
				ALWAYS_SEARCH_USER_PATHS = NO;
				CLANG_ANALYZER_NONNULL = YES;
				CLANG_ANALYZER_NUMBER_OBJECT_CONVERSION = YES_AGGRESSIVE;
				CLANG_CXX_LANGUAGE_STANDARD = "gnu++20";
				CLANG_ENABLE_MODULES = YES;
				CLANG_ENABLE_OBJC_ARC = YES;
				CLANG_ENABLE_OBJC_WEAK = YES;
				CLANG_WARN_BLOCK_CAPTURE_AUTORELEASING = YES;
				CLANG_WARN_BOOL_CONVERSION = YES;
				CLANG_WARN_COMMA = YES;
				CLANG_WARN_CONSTANT_CONVERSION = YES;
				CLANG_WARN_DEPRECATED_OBJC_IMPLEMENTATIONS = YES;
				CLANG_WARN_DIRECT_OBJC_ISA_USAGE = YES_ERROR;
				CLANG_WARN_DOCUMENTATION_COMMENTS = YES;
				CLANG_WARN_EMPTY_BODY = YES;
				CLANG_WARN_ENUM_CONVERSION = YES;
				CLANG_WARN_INFINITE_RECURSION = YES;
				CLANG_WARN_INT_CONVERSION = YES;
				CLANG_WARN_NON_LITERAL_NULL_CONVERSION = YES;
				CLANG_WARN_OBJC_IMPLICIT_RETAIN_SELF = YES;
				CLANG_WARN_OBJC_LITERAL_CONVERSION = YES;
				CLANG_WARN_OBJC_ROOT_CLASS = YES_ERROR;
				CLANG_WARN_QUOTED_INCLUDE_IN_FRAMEWORK_HEADER = YES;
				CLANG_WARN_RANGE_LOOP_ANALYSIS = YES;
				CLANG_WARN_STRICT_PROTOTYPES = YES;
				CLANG_WARN_SUSPICIOUS_MOVE = YES;
				CLANG_WARN_UNGUARDED_AVAILABILITY = YES_AGGRESSIVE;
				CLANG_WARN_UNREACHABLE_CODE = YES;
				CLANG_WARN__DUPLICATE_METHOD_MATCH = YES;
				COPY_PHASE_STRIP = NO;
				DEBUG_INFORMATION_FORMAT = "dwarf-with-dsym";
				ENABLE_NS_ASSERTIONS = NO;
				ENABLE_STRICT_OBJC_MSGSEND = YES;
				GCC_C_LANGUAGE_STANDARD = gnu11;
				GCC_NO_COMMON_BLOCKS = YES;
				GCC_WARN_64_TO_32_BIT_CONVERSION = YES;
				GCC_WARN_ABOUT_RETURN_TYPE = YES_ERROR;
				GCC_WARN_UNDECLARED_SELECTOR = YES;
				GCC_WARN_UNINITIALIZED_AUTOS = YES_AGGRESSIVE;
				GCC_WARN_UNUSED_FUNCTION = YES;
				GCC_WARN_UNUSED_VARIABLE = YES;
				IPHONEOS_DEPLOYMENT_TARGET = 16.0;
				MTL_ENABLE_DEBUG_INFO = NO;
				MTL_FAST_MATH = YES;
				SDKROOT = iphoneos;
				SWIFT_COMPILATION_MODE = wholemodule;
				SWIFT_OPTIMIZATION_LEVEL = "-O";
				VALIDATE_PRODUCT = YES;
			};
			name = Release;
		};
		DF82077129D1635300E6854A /* Debug */ = {
			isa = XCBuildConfiguration;
			buildSettings = {
				ASSETCATALOG_COMPILER_APPICON_NAME = AppIcon;
				ASSETCATALOG_COMPILER_GLOBAL_ACCENT_COLOR_NAME = AccentColor;
				CODE_SIGN_STYLE = Automatic;
				CURRENT_PROJECT_VERSION = 1;
				DEVELOPMENT_TEAM = 299MY3M6HX;
				GENERATE_INFOPLIST_FILE = YES;
				INFOPLIST_FILE = "remy-movie/Resources/Info.plist";
				INFOPLIST_KEY_UIApplicationSupportsIndirectInputEvents = YES;
				INFOPLIST_KEY_UILaunchStoryboardName = LaunchScreen;
				INFOPLIST_KEY_UISupportedInterfaceOrientations_iPad = "UIInterfaceOrientationPortrait UIInterfaceOrientationPortraitUpsideDown UIInterfaceOrientationLandscapeLeft UIInterfaceOrientationLandscapeRight";
				INFOPLIST_KEY_UISupportedInterfaceOrientations_iPhone = "UIInterfaceOrientationPortrait UIInterfaceOrientationLandscapeLeft UIInterfaceOrientationLandscapeRight";
				LD_RUNPATH_SEARCH_PATHS = (
					"$(inherited)",
					"@executable_path/Frameworks",
				);
				MARKETING_VERSION = 1.0;
				PRODUCT_BUNDLE_IDENTIFIER = "remypark.remy-movie";
				PRODUCT_NAME = "$(TARGET_NAME)";
				SUPPORTED_PLATFORMS = "iphoneos iphonesimulator";
				SUPPORTS_MACCATALYST = NO;
				SUPPORTS_MAC_DESIGNED_FOR_IPHONE_IPAD = NO;
				SWIFT_EMIT_LOC_STRINGS = YES;
				SWIFT_VERSION = 5.0;
				TARGETED_DEVICE_FAMILY = "1,2";
			};
			name = Debug;
		};
		DF82077229D1635300E6854A /* Release */ = {
			isa = XCBuildConfiguration;
			buildSettings = {
				ASSETCATALOG_COMPILER_APPICON_NAME = AppIcon;
				ASSETCATALOG_COMPILER_GLOBAL_ACCENT_COLOR_NAME = AccentColor;
				CODE_SIGN_STYLE = Automatic;
				CURRENT_PROJECT_VERSION = 1;
				DEVELOPMENT_TEAM = 299MY3M6HX;
				GENERATE_INFOPLIST_FILE = YES;
				INFOPLIST_FILE = "remy-movie/Resources/Info.plist";
				INFOPLIST_KEY_UIApplicationSupportsIndirectInputEvents = YES;
				INFOPLIST_KEY_UILaunchStoryboardName = LaunchScreen;
				INFOPLIST_KEY_UISupportedInterfaceOrientations_iPad = "UIInterfaceOrientationPortrait UIInterfaceOrientationPortraitUpsideDown UIInterfaceOrientationLandscapeLeft UIInterfaceOrientationLandscapeRight";
				INFOPLIST_KEY_UISupportedInterfaceOrientations_iPhone = "UIInterfaceOrientationPortrait UIInterfaceOrientationLandscapeLeft UIInterfaceOrientationLandscapeRight";
				LD_RUNPATH_SEARCH_PATHS = (
					"$(inherited)",
					"@executable_path/Frameworks",
				);
				MARKETING_VERSION = 1.0;
				PRODUCT_BUNDLE_IDENTIFIER = "remypark.remy-movie";
				PRODUCT_NAME = "$(TARGET_NAME)";
				SUPPORTED_PLATFORMS = "iphoneos iphonesimulator";
				SUPPORTS_MACCATALYST = NO;
				SUPPORTS_MAC_DESIGNED_FOR_IPHONE_IPAD = NO;
				SWIFT_EMIT_LOC_STRINGS = YES;
				SWIFT_VERSION = 5.0;
				TARGETED_DEVICE_FAMILY = "1,2";
			};
			name = Release;
		};
/* End XCBuildConfiguration section */

/* Begin XCConfigurationList section */
		DF82075729D1635200E6854A /* Build configuration list for PBXProject "remy-movie" */ = {
			isa = XCConfigurationList;
			buildConfigurations = (
				DF82076E29D1635300E6854A /* Debug */,
				DF82076F29D1635300E6854A /* Release */,
			);
			defaultConfigurationIsVisible = 0;
			defaultConfigurationName = Release;
		};
		DF82077029D1635300E6854A /* Build configuration list for PBXNativeTarget "remy-movie" */ = {
			isa = XCConfigurationList;
			buildConfigurations = (
				DF82077129D1635300E6854A /* Debug */,
				DF82077229D1635300E6854A /* Release */,
			);
			defaultConfigurationIsVisible = 0;
			defaultConfigurationName = Release;
		};
/* End XCConfigurationList section */
	};
	rootObject = DF82075429D1635200E6854A /* Project object */;
}
