// !$*UTF8*$!
{
	archiveVersion = 1;
	classes = {
	};
	objectVersion = 56;
	objects = {

/* Begin PBXBuildFile section */
		DF06677729E3EC2700DFF788 /* EndPoint.swift in Sources */ = {isa = PBXBuildFile; fileRef = DF06677629E3EC2700DFF788 /* EndPoint.swift */; };
		DF06677B29E3FD9B00DFF788 /* ProvidersInfo.swift in Sources */ = {isa = PBXBuildFile; fileRef = DF06677A29E3FD9B00DFF788 /* ProvidersInfo.swift */; };
		DF06677D29E4036200DFF788 /* MovieServiceTest.swift in Sources */ = {isa = PBXBuildFile; fileRef = DF06677C29E4036200DFF788 /* MovieServiceTest.swift */; };
		DF06678529E5109300DFF788 /* StubJsons.swift in Sources */ = {isa = PBXBuildFile; fileRef = DF06678229E4315D00DFF788 /* StubJsons.swift */; };
		DF06678829E563CA00DFF788 /* ProvidersByCountryResponse.swift in Sources */ = {isa = PBXBuildFile; fileRef = DF06678729E563CA00DFF788 /* ProvidersByCountryResponse.swift */; };
		DF06678C29E5A34E00DFF788 /* Bundle + apiKey.swift in Sources */ = {isa = PBXBuildFile; fileRef = DF06678B29E5A34E00DFF788 /* Bundle + apiKey.swift */; };
		DF06678F29E695B100DFF788 /* TmdbAPIDetails.swift in Sources */ = {isa = PBXBuildFile; fileRef = DF06678E29E695B100DFF788 /* TmdbAPIDetails.swift */; };
		DF5BA80929DA989C00C96823 /* HTTPMethod.swift in Sources */ = {isa = PBXBuildFile; fileRef = DF5BA80829DA989C00C96823 /* HTTPMethod.swift */; };
		DF5BA80B29DA996800C96823 /* NetworkError.swift in Sources */ = {isa = PBXBuildFile; fileRef = DF5BA80A29DA996800C96823 /* NetworkError.swift */; };
		DF5BA81129DAA16700C96823 /* Networkable.swift in Sources */ = {isa = PBXBuildFile; fileRef = DF5BA81029DAA16700C96823 /* Networkable.swift */; };
		DF5BA81329DAA23100C96823 /* NetworkManager.swift in Sources */ = {isa = PBXBuildFile; fileRef = DF5BA81229DAA23100C96823 /* NetworkManager.swift */; };
		DF62498B29DC7800002C82A8 /* NetwokrPlatformTest.swift in Sources */ = {isa = PBXBuildFile; fileRef = DF62498A29DC7800002C82A8 /* NetwokrPlatformTest.swift */; };
		DF62499229DC7902002C82A8 /* MockURLProtocol.swift in Sources */ = {isa = PBXBuildFile; fileRef = DF62499129DC7902002C82A8 /* MockURLProtocol.swift */; };
		DF6FBB4E29E2A05F00BE310A /* GenericResponse.swift in Sources */ = {isa = PBXBuildFile; fileRef = DF6FBB4D29E2A05F00BE310A /* GenericResponse.swift */; };
		DF6FBB5029E2A07400BE310A /* Movie.swift in Sources */ = {isa = PBXBuildFile; fileRef = DF6FBB4F29E2A07400BE310A /* Movie.swift */; };
		DF6FBB5229E2A13300BE310A /* MovieDetails.swift in Sources */ = {isa = PBXBuildFile; fileRef = DF6FBB5129E2A13300BE310A /* MovieDetails.swift */; };
		DF6FBB5429E2A48B00BE310A /* Review.swift in Sources */ = {isa = PBXBuildFile; fileRef = DF6FBB5329E2A48B00BE310A /* Review.swift */; };
		DF6FBB5629E2AAEB00BE310A /* Video.swift in Sources */ = {isa = PBXBuildFile; fileRef = DF6FBB5529E2AAEB00BE310A /* Video.swift */; };
		DF6FBB5829E2ABF900BE310A /* Keyword.swift in Sources */ = {isa = PBXBuildFile; fileRef = DF6FBB5729E2ABF900BE310A /* Keyword.swift */; };
		DF6FBB6129E3022700BE310A /* MovieServiceInterface.swift in Sources */ = {isa = PBXBuildFile; fileRef = DF6FBB6029E3022700BE310A /* MovieServiceInterface.swift */; };
		DF6FBB6429E3037000BE310A /* MovieService.swift in Sources */ = {isa = PBXBuildFile; fileRef = DF6FBB6329E3037000BE310A /* MovieService.swift */; };
		DF6FBB6729E3044C00BE310A /* Data + decode.swift in Sources */ = {isa = PBXBuildFile; fileRef = DF6FBB6629E3044C00BE310A /* Data + decode.swift */; };
		DF72873229F3E8DE002C6701 /* RoundableView.swift in Sources */ = {isa = PBXBuildFile; fileRef = DF72873129F3E8DE002C6701 /* RoundableView.swift */; };
		DF72873429F3E9AB002C6701 /* MovieInfoView.swift in Sources */ = {isa = PBXBuildFile; fileRef = DF72873329F3E9AB002C6701 /* MovieInfoView.swift */; };
		DF72873829F50BED002C6701 /* MovieInfoCell.swift in Sources */ = {isa = PBXBuildFile; fileRef = DF72873729F50BED002C6701 /* MovieInfoCell.swift */; };
		DF82076029D1635200E6854A /* AppDelegate.swift in Sources */ = {isa = PBXBuildFile; fileRef = DF82075F29D1635200E6854A /* AppDelegate.swift */; };
		DF82076229D1635200E6854A /* SceneDelegate.swift in Sources */ = {isa = PBXBuildFile; fileRef = DF82076129D1635200E6854A /* SceneDelegate.swift */; };
		DF82076429D1635200E6854A /* HomeViewController.swift in Sources */ = {isa = PBXBuildFile; fileRef = DF82076329D1635200E6854A /* HomeViewController.swift */; };
		DF82076929D1635300E6854A /* Assets.xcassets in Resources */ = {isa = PBXBuildFile; fileRef = DF82076829D1635300E6854A /* Assets.xcassets */; };
		DF82076C29D1635300E6854A /* LaunchScreen.storyboard in Resources */ = {isa = PBXBuildFile; fileRef = DF82076A29D1635300E6854A /* LaunchScreen.storyboard */; };
		DFB56DE029EE6CD40017000D /* MockNetwokrManager.swift in Sources */ = {isa = PBXBuildFile; fileRef = DFB56DDF29EE6CD40017000D /* MockNetwokrManager.swift */; };
		DFBB8ED629F6BA03000D1A1C /* MovieCategoryCollectionView.swift in Sources */ = {isa = PBXBuildFile; fileRef = DFBB8ED529F6BA03000D1A1C /* MovieCategoryCollectionView.swift */; };
		DFBB8ED829F79686000D1A1C /* StyleGuide.swift in Sources */ = {isa = PBXBuildFile; fileRef = DFBB8ED729F79686000D1A1C /* StyleGuide.swift */; };
		DFBB8EE229F7EC40000D1A1C /* MovieInfoUseCase.swift in Sources */ = {isa = PBXBuildFile; fileRef = DFBB8EE129F7EC40000D1A1C /* MovieInfoUseCase.swift */; };
		DFBB8EE629F8065B000D1A1C /* MockMovieService.swift in Sources */ = {isa = PBXBuildFile; fileRef = DFBB8EE529F8065B000D1A1C /* MockMovieService.swift */; };
		DFBB8EEB29F80B90000D1A1C /* MovieInfoUseCaseTest.swift in Sources */ = {isa = PBXBuildFile; fileRef = DFBB8EEA29F80B90000D1A1C /* MovieInfoUseCaseTest.swift */; };
		DFBB8EFC29FA6203000D1A1C /* ImageCacheManager.swift in Sources */ = {isa = PBXBuildFile; fileRef = DFBB8EFB29FA6203000D1A1C /* ImageCacheManager.swift */; };
		DFBB8EFE29FA647F000D1A1C /* MovieInfoViewModel.swift in Sources */ = {isa = PBXBuildFile; fileRef = DFBB8EFD29FA647F000D1A1C /* MovieInfoViewModel.swift */; };
		DFF8932329FB846E00659D49 /* MovieInfoCollectionViewModel.swift in Sources */ = {isa = PBXBuildFile; fileRef = DFF8932229FB846E00659D49 /* MovieInfoCollectionViewModel.swift */; };
		DFF8932529FB941C00659D49 /* ListCategory.swift in Sources */ = {isa = PBXBuildFile; fileRef = DFF8932429FB941C00659D49 /* ListCategory.swift */; };
		DFF8932729FBA53200659D49 /* UIImageView + setImage.swift in Sources */ = {isa = PBXBuildFile; fileRef = DFF8932629FBA53200659D49 /* UIImageView + setImage.swift */; };
/* End PBXBuildFile section */

/* Begin PBXContainerItemProxy section */
		DF62498C29DC7800002C82A8 /* PBXContainerItemProxy */ = {
			isa = PBXContainerItemProxy;
			containerPortal = DF82075429D1635200E6854A /* Project object */;
			proxyType = 1;
			remoteGlobalIDString = DF82075B29D1635200E6854A;
			remoteInfo = "remy-movie";
		};
/* End PBXContainerItemProxy section */

/* Begin PBXFileReference section */
		DF06677629E3EC2700DFF788 /* EndPoint.swift */ = {isa = PBXFileReference; lastKnownFileType = sourcecode.swift; path = EndPoint.swift; sourceTree = "<group>"; };
		DF06677A29E3FD9B00DFF788 /* ProvidersInfo.swift */ = {isa = PBXFileReference; lastKnownFileType = sourcecode.swift; path = ProvidersInfo.swift; sourceTree = "<group>"; };
		DF06677C29E4036200DFF788 /* MovieServiceTest.swift */ = {isa = PBXFileReference; lastKnownFileType = sourcecode.swift; path = MovieServiceTest.swift; sourceTree = "<group>"; };
		DF06678229E4315D00DFF788 /* StubJsons.swift */ = {isa = PBXFileReference; lastKnownFileType = sourcecode.swift; path = StubJsons.swift; sourceTree = "<group>"; };
		DF06678729E563CA00DFF788 /* ProvidersByCountryResponse.swift */ = {isa = PBXFileReference; lastKnownFileType = sourcecode.swift; path = ProvidersByCountryResponse.swift; sourceTree = "<group>"; };
		DF06678A29E5A1AD00DFF788 /* Secrets.xcconfig */ = {isa = PBXFileReference; lastKnownFileType = text.xcconfig; path = Secrets.xcconfig; sourceTree = "<group>"; };
		DF06678B29E5A34E00DFF788 /* Bundle + apiKey.swift */ = {isa = PBXFileReference; lastKnownFileType = sourcecode.swift; path = "Bundle + apiKey.swift"; sourceTree = "<group>"; };
		DF06678E29E695B100DFF788 /* TmdbAPIDetails.swift */ = {isa = PBXFileReference; lastKnownFileType = sourcecode.swift; path = TmdbAPIDetails.swift; sourceTree = "<group>"; };
		DF5BA80829DA989C00C96823 /* HTTPMethod.swift */ = {isa = PBXFileReference; lastKnownFileType = sourcecode.swift; path = HTTPMethod.swift; sourceTree = "<group>"; };
		DF5BA80A29DA996800C96823 /* NetworkError.swift */ = {isa = PBXFileReference; lastKnownFileType = sourcecode.swift; path = NetworkError.swift; sourceTree = "<group>"; };
		DF5BA81029DAA16700C96823 /* Networkable.swift */ = {isa = PBXFileReference; lastKnownFileType = sourcecode.swift; path = Networkable.swift; sourceTree = "<group>"; };
		DF5BA81229DAA23100C96823 /* NetworkManager.swift */ = {isa = PBXFileReference; lastKnownFileType = sourcecode.swift; path = NetworkManager.swift; sourceTree = "<group>"; };
		DF62498829DC7800002C82A8 /* NetwokrPlatformTest.xctest */ = {isa = PBXFileReference; explicitFileType = wrapper.cfbundle; includeInIndex = 0; path = NetwokrPlatformTest.xctest; sourceTree = BUILT_PRODUCTS_DIR; };
		DF62498A29DC7800002C82A8 /* NetwokrPlatformTest.swift */ = {isa = PBXFileReference; lastKnownFileType = sourcecode.swift; path = NetwokrPlatformTest.swift; sourceTree = "<group>"; };
		DF62499129DC7902002C82A8 /* MockURLProtocol.swift */ = {isa = PBXFileReference; lastKnownFileType = sourcecode.swift; path = MockURLProtocol.swift; sourceTree = "<group>"; };
		DF6FBB4D29E2A05F00BE310A /* GenericResponse.swift */ = {isa = PBXFileReference; lastKnownFileType = sourcecode.swift; path = GenericResponse.swift; sourceTree = "<group>"; };
		DF6FBB4F29E2A07400BE310A /* Movie.swift */ = {isa = PBXFileReference; lastKnownFileType = sourcecode.swift; path = Movie.swift; sourceTree = "<group>"; };
		DF6FBB5129E2A13300BE310A /* MovieDetails.swift */ = {isa = PBXFileReference; lastKnownFileType = sourcecode.swift; path = MovieDetails.swift; sourceTree = "<group>"; };
		DF6FBB5329E2A48B00BE310A /* Review.swift */ = {isa = PBXFileReference; lastKnownFileType = sourcecode.swift; path = Review.swift; sourceTree = "<group>"; };
		DF6FBB5529E2AAEB00BE310A /* Video.swift */ = {isa = PBXFileReference; lastKnownFileType = sourcecode.swift; path = Video.swift; sourceTree = "<group>"; };
		DF6FBB5729E2ABF900BE310A /* Keyword.swift */ = {isa = PBXFileReference; lastKnownFileType = sourcecode.swift; path = Keyword.swift; sourceTree = "<group>"; };
		DF6FBB6029E3022700BE310A /* MovieServiceInterface.swift */ = {isa = PBXFileReference; lastKnownFileType = sourcecode.swift; path = MovieServiceInterface.swift; sourceTree = "<group>"; };
		DF6FBB6329E3037000BE310A /* MovieService.swift */ = {isa = PBXFileReference; lastKnownFileType = sourcecode.swift; path = MovieService.swift; sourceTree = "<group>"; };
		DF6FBB6629E3044C00BE310A /* Data + decode.swift */ = {isa = PBXFileReference; lastKnownFileType = sourcecode.swift; path = "Data + decode.swift"; sourceTree = "<group>"; };
		DF72873129F3E8DE002C6701 /* RoundableView.swift */ = {isa = PBXFileReference; lastKnownFileType = sourcecode.swift; path = RoundableView.swift; sourceTree = "<group>"; };
		DF72873329F3E9AB002C6701 /* MovieInfoView.swift */ = {isa = PBXFileReference; lastKnownFileType = sourcecode.swift; path = MovieInfoView.swift; sourceTree = "<group>"; };
		DF72873729F50BED002C6701 /* MovieInfoCell.swift */ = {isa = PBXFileReference; lastKnownFileType = sourcecode.swift; path = MovieInfoCell.swift; sourceTree = "<group>"; };
		DF82075C29D1635200E6854A /* remy-movie.app */ = {isa = PBXFileReference; explicitFileType = wrapper.application; includeInIndex = 0; path = "remy-movie.app"; sourceTree = BUILT_PRODUCTS_DIR; };
		DF82075F29D1635200E6854A /* AppDelegate.swift */ = {isa = PBXFileReference; lastKnownFileType = sourcecode.swift; path = AppDelegate.swift; sourceTree = "<group>"; };
		DF82076129D1635200E6854A /* SceneDelegate.swift */ = {isa = PBXFileReference; lastKnownFileType = sourcecode.swift; path = SceneDelegate.swift; sourceTree = "<group>"; };
		DF82076329D1635200E6854A /* HomeViewController.swift */ = {isa = PBXFileReference; lastKnownFileType = sourcecode.swift; path = HomeViewController.swift; sourceTree = "<group>"; };
		DF82076829D1635300E6854A /* Assets.xcassets */ = {isa = PBXFileReference; lastKnownFileType = folder.assetcatalog; path = Assets.xcassets; sourceTree = "<group>"; };
		DF82076B29D1635300E6854A /* Base */ = {isa = PBXFileReference; lastKnownFileType = file.storyboard; name = Base; path = Base.lproj/LaunchScreen.storyboard; sourceTree = "<group>"; };
		DF82076D29D1635300E6854A /* Info.plist */ = {isa = PBXFileReference; lastKnownFileType = text.plist.xml; path = Info.plist; sourceTree = "<group>"; };
		DFB56DDF29EE6CD40017000D /* MockNetwokrManager.swift */ = {isa = PBXFileReference; lastKnownFileType = sourcecode.swift; path = MockNetwokrManager.swift; sourceTree = "<group>"; };
		DFBB8ED529F6BA03000D1A1C /* MovieCategoryCollectionView.swift */ = {isa = PBXFileReference; lastKnownFileType = sourcecode.swift; path = MovieCategoryCollectionView.swift; sourceTree = "<group>"; };
		DFBB8ED729F79686000D1A1C /* StyleGuide.swift */ = {isa = PBXFileReference; lastKnownFileType = sourcecode.swift; path = StyleGuide.swift; sourceTree = "<group>"; };
		DFBB8EE129F7EC40000D1A1C /* MovieInfoUseCase.swift */ = {isa = PBXFileReference; lastKnownFileType = sourcecode.swift; path = MovieInfoUseCase.swift; sourceTree = "<group>"; };
		DFBB8EE529F8065B000D1A1C /* MockMovieService.swift */ = {isa = PBXFileReference; lastKnownFileType = sourcecode.swift; path = MockMovieService.swift; sourceTree = "<group>"; };
		DFBB8EEA29F80B90000D1A1C /* MovieInfoUseCaseTest.swift */ = {isa = PBXFileReference; lastKnownFileType = sourcecode.swift; name = MovieInfoUseCaseTest.swift; path = Test/UseCaseTest/MovieInfoUseCaseTest.swift; sourceTree = SOURCE_ROOT; };
		DFBB8EFB29FA6203000D1A1C /* ImageCacheManager.swift */ = {isa = PBXFileReference; lastKnownFileType = sourcecode.swift; path = ImageCacheManager.swift; sourceTree = "<group>"; };
		DFBB8EFD29FA647F000D1A1C /* MovieInfoViewModel.swift */ = {isa = PBXFileReference; lastKnownFileType = sourcecode.swift; path = MovieInfoViewModel.swift; sourceTree = "<group>"; };
		DFF8932229FB846E00659D49 /* MovieInfoCollectionViewModel.swift */ = {isa = PBXFileReference; lastKnownFileType = sourcecode.swift; path = MovieInfoCollectionViewModel.swift; sourceTree = "<group>"; };
		DFF8932429FB941C00659D49 /* ListCategory.swift */ = {isa = PBXFileReference; lastKnownFileType = sourcecode.swift; path = ListCategory.swift; sourceTree = "<group>"; };
		DFF8932629FBA53200659D49 /* UIImageView + setImage.swift */ = {isa = PBXFileReference; lastKnownFileType = sourcecode.swift; path = "UIImageView + setImage.swift"; sourceTree = "<group>"; };
/* End PBXFileReference section */

/* Begin PBXFrameworksBuildPhase section */
		DF62498529DC7800002C82A8 /* Frameworks */ = {
			isa = PBXFrameworksBuildPhase;
			buildActionMask = 2147483647;
			files = (
			);
			runOnlyForDeploymentPostprocessing = 0;
		};
		DF82075929D1635200E6854A /* Frameworks */ = {
			isa = PBXFrameworksBuildPhase;
			buildActionMask = 2147483647;
			files = (
			);
			runOnlyForDeploymentPostprocessing = 0;
		};
/* End PBXFrameworksBuildPhase section */

/* Begin PBXGroup section */
		DF06677E29E4039E00DFF788 /* ServicesTest */ = {
			isa = PBXGroup;
			children = (
				DF06677C29E4036200DFF788 /* MovieServiceTest.swift */,
			);
			path = ServicesTest;
			sourceTree = "<group>";
		};
		DF06678429E5106600DFF788 /* Test */ = {
			isa = PBXGroup;
			children = (
				DF62499B29DD6979002C82A8 /* Helpers */,
				DF62498929DC7800002C82A8 /* NetwokrPlatformTest */,
				DF06677E29E4039E00DFF788 /* ServicesTest */,
				DFBB8EE729F80B3F000D1A1C /* UseCaseTest */,
			);
			path = Test;
			sourceTree = "<group>";
		};
		DF06678929E563F000DFF788 /* Movie */ = {
			isa = PBXGroup;
			children = (
				DF6FBB6329E3037000BE310A /* MovieService.swift */,
				DF6FBB4D29E2A05F00BE310A /* GenericResponse.swift */,
				DF06678729E563CA00DFF788 /* ProvidersByCountryResponse.swift */,
			);
			path = Movie;
			sourceTree = "<group>";
		};
		DF5BA80729DA988F00C96823 /* Data */ = {
			isa = PBXGroup;
			children = (
				DF6FBB6229E3036400BE310A /* Service */,
				DF6FBB4329E1112D00BE310A /* Network */,
			);
			path = Data;
			sourceTree = "<group>";
		};
		DF62498929DC7800002C82A8 /* NetwokrPlatformTest */ = {
			isa = PBXGroup;
			children = (
				DF62498A29DC7800002C82A8 /* NetwokrPlatformTest.swift */,
			);
			path = NetwokrPlatformTest;
			sourceTree = "<group>";
		};
		DF62499B29DD6979002C82A8 /* Helpers */ = {
			isa = PBXGroup;
			children = (
				DFBB8EE529F8065B000D1A1C /* MockMovieService.swift */,
				DFB56DDF29EE6CD40017000D /* MockNetwokrManager.swift */,
				DF62499129DC7902002C82A8 /* MockURLProtocol.swift */,
				DF06678229E4315D00DFF788 /* StubJsons.swift */,
			);
			path = Helpers;
			sourceTree = "<group>";
		};
		DF6FBB4329E1112D00BE310A /* Network */ = {
			isa = PBXGroup;
			children = (
				DF5BA80829DA989C00C96823 /* HTTPMethod.swift */,
				DF5BA80A29DA996800C96823 /* NetworkError.swift */,
				DF5BA81029DAA16700C96823 /* Networkable.swift */,
				DF5BA81229DAA23100C96823 /* NetworkManager.swift */,
			);
			path = Network;
			sourceTree = "<group>";
		};
		DF6FBB4929E2A03400BE310A /* Domain */ = {
			isa = PBXGroup;
			children = (
				DFBB8EE029F7EC35000D1A1C /* UseCase */,
				DF6FBB5F29E3021500BE310A /* ServiceInterface */,
				DF6FBB4C29E2A05700BE310A /* Entities */,
			);
			path = Domain;
			sourceTree = "<group>";
		};
		DF6FBB4C29E2A05700BE310A /* Entities */ = {
			isa = PBXGroup;
			children = (
				DF6FBB5129E2A13300BE310A /* MovieDetails.swift */,
				DF6FBB4F29E2A07400BE310A /* Movie.swift */,
				DF06677A29E3FD9B00DFF788 /* ProvidersInfo.swift */,
				DF6FBB5729E2ABF900BE310A /* Keyword.swift */,
				DF6FBB5329E2A48B00BE310A /* Review.swift */,
				DF6FBB5529E2AAEB00BE310A /* Video.swift */,
				DFF8932429FB941C00659D49 /* ListCategory.swift */,
			);
			path = Entities;
			sourceTree = "<group>";
		};
		DF6FBB5F29E3021500BE310A /* ServiceInterface */ = {
			isa = PBXGroup;
			children = (
				DF6FBB6029E3022700BE310A /* MovieServiceInterface.swift */,
			);
			path = ServiceInterface;
			sourceTree = "<group>";
		};
		DF6FBB6229E3036400BE310A /* Service */ = {
			isa = PBXGroup;
			children = (
				DF06678E29E695B100DFF788 /* TmdbAPIDetails.swift */,
				DF06677629E3EC2700DFF788 /* EndPoint.swift */,
				DF06678929E563F000DFF788 /* Movie */,
			);
			path = Service;
			sourceTree = "<group>";
		};
		DF6FBB6529E3042500BE310A /* Utility */ = {
			isa = PBXGroup;
			children = (
				DF06678B29E5A34E00DFF788 /* Bundle + apiKey.swift */,
				DF6FBB6629E3044C00BE310A /* Data + decode.swift */,
				DFBB8EFB29FA6203000D1A1C /* ImageCacheManager.swift */,
			);
			path = Utility;
			sourceTree = "<group>";
		};
		DF8206FC29FE423400D7860C /* MovieCollection */ = {
			isa = PBXGroup;
			children = (
				DFBB8ED529F6BA03000D1A1C /* MovieCategoryCollectionView.swift */,
				DFF8932229FB846E00659D49 /* MovieInfoCollectionViewModel.swift */,
				DF72873729F50BED002C6701 /* MovieInfoCell.swift */,
			);
			path = MovieCollection;
			sourceTree = "<group>";
		};
		DF82075329D1635200E6854A = {
			isa = PBXGroup;
			children = (
				DF82075E29D1635200E6854A /* remy-movie */,
				DF06678429E5106600DFF788 /* Test */,
				DF82075D29D1635200E6854A /* Products */,
			);
			sourceTree = "<group>";
		};
		DF82075D29D1635200E6854A /* Products */ = {
			isa = PBXGroup;
			children = (
				DF82075C29D1635200E6854A /* remy-movie.app */,
				DF62498829DC7800002C82A8 /* NetwokrPlatformTest.xctest */,
			);
			name = Products;
			sourceTree = "<group>";
		};
		DF82075E29D1635200E6854A /* remy-movie */ = {
			isa = PBXGroup;
			children = (
				DF82077329D1637500E6854A /* Application */,
				DF82077529D1639100E6854A /* Scene */,
				DF6FBB4929E2A03400BE310A /* Domain */,
				DF5BA80729DA988F00C96823 /* Data */,
				DF6FBB6529E3042500BE310A /* Utility */,
				DF82077429D1637E00E6854A /* Resources */,
			);
			path = "remy-movie";
			sourceTree = "<group>";
		};
		DF82077329D1637500E6854A /* Application */ = {
			isa = PBXGroup;
			children = (
				DF82075F29D1635200E6854A /* AppDelegate.swift */,
				DF82076129D1635200E6854A /* SceneDelegate.swift */,
			);
			path = Application;
			sourceTree = "<group>";
		};
		DF82077429D1637E00E6854A /* Resources */ = {
			isa = PBXGroup;
			children = (
				DF82076829D1635300E6854A /* Assets.xcassets */,
				DF82076A29D1635300E6854A /* LaunchScreen.storyboard */,
				DF82076D29D1635300E6854A /* Info.plist */,
				DF06678A29E5A1AD00DFF788 /* Secrets.xcconfig */,
			);
			path = Resources;
			sourceTree = "<group>";
		};
		DF82077529D1639100E6854A /* Scene */ = {
			isa = PBXGroup;
			children = (
				DFBB8EEF29F98823000D1A1C /* Common */,
				DFBB8EEE29F9880B000D1A1C /* Home */,
			);
			path = Scene;
			sourceTree = "<group>";
		};
		DFBB8EE029F7EC35000D1A1C /* UseCase */ = {
			isa = PBXGroup;
			children = (
				DFBB8EE129F7EC40000D1A1C /* MovieInfoUseCase.swift */,
			);
			path = UseCase;
			sourceTree = "<group>";
		};
		DFBB8EE729F80B3F000D1A1C /* UseCaseTest */ = {
			isa = PBXGroup;
			children = (
				DFBB8EEA29F80B90000D1A1C /* MovieInfoUseCaseTest.swift */,
			);
			path = UseCaseTest;
			sourceTree = "<group>";
		};
		DFBB8EEE29F9880B000D1A1C /* Home */ = {
			isa = PBXGroup;
			children = (
				DFBB8EF029F98832000D1A1C /* Views */,
				DF82076329D1635200E6854A /* HomeViewController.swift */,
			);
			path = Home;
			sourceTree = "<group>";
		};
		DFBB8EEF29F98823000D1A1C /* Common */ = {
			isa = PBXGroup;
			children = (
				DFBB8ED729F79686000D1A1C /* StyleGuide.swift */,
				DF72873129F3E8DE002C6701 /* RoundableView.swift */,
				DFF8932629FBA53200659D49 /* UIImageView + setImage.swift */,
			);
			path = Common;
			sourceTree = "<group>";
		};
		DFBB8EF029F98832000D1A1C /* Views */ = {
			isa = PBXGroup;
			children = (
				DF8206FC29FE423400D7860C /* MovieCollection */,
				DF72873329F3E9AB002C6701 /* MovieInfoView.swift */,
				DFBB8EFD29FA647F000D1A1C /* MovieInfoViewModel.swift */,
			);
			path = Views;
			sourceTree = "<group>";
		};
/* End PBXGroup section */

/* Begin PBXNativeTarget section */
		DF62498729DC7800002C82A8 /* NetwokrPlatformTest */ = {
			isa = PBXNativeTarget;
			buildConfigurationList = DF62499029DC7800002C82A8 /* Build configuration list for PBXNativeTarget "NetwokrPlatformTest" */;
			buildPhases = (
				DF62498429DC7800002C82A8 /* Sources */,
				DF62498529DC7800002C82A8 /* Frameworks */,
				DF62498629DC7800002C82A8 /* Resources */,
			);
			buildRules = (
			);
			dependencies = (
				DF62498D29DC7800002C82A8 /* PBXTargetDependency */,
			);
			name = NetwokrPlatformTest;
			productName = NetwokrPlatformTest;
			productReference = DF62498829DC7800002C82A8 /* NetwokrPlatformTest.xctest */;
			productType = "com.apple.product-type.bundle.unit-test";
		};
		DF82075B29D1635200E6854A /* remy-movie */ = {
			isa = PBXNativeTarget;
			buildConfigurationList = DF82077029D1635300E6854A /* Build configuration list for PBXNativeTarget "remy-movie" */;
			buildPhases = (
				DF82075829D1635200E6854A /* Sources */,
				DF82075929D1635200E6854A /* Frameworks */,
				DF82075A29D1635200E6854A /* Resources */,
			);
			buildRules = (
			);
			dependencies = (
			);
			name = "remy-movie";
			productName = "remy-movie";
			productReference = DF82075C29D1635200E6854A /* remy-movie.app */;
			productType = "com.apple.product-type.application";
		};
/* End PBXNativeTarget section */

/* Begin PBXProject section */
		DF82075429D1635200E6854A /* Project object */ = {
			isa = PBXProject;
			attributes = {
				BuildIndependentTargetsInParallel = 1;
				LastSwiftUpdateCheck = 1400;
				LastUpgradeCheck = 1400;
				TargetAttributes = {
					DF62498729DC7800002C82A8 = {
						CreatedOnToolsVersion = 14.0.1;
						TestTargetID = DF82075B29D1635200E6854A;
					};
					DF82075B29D1635200E6854A = {
						CreatedOnToolsVersion = 14.0.1;
					};
				};
			};
			buildConfigurationList = DF82075729D1635200E6854A /* Build configuration list for PBXProject "remy-movie" */;
			compatibilityVersion = "Xcode 14.0";
			developmentRegion = en;
			hasScannedForEncodings = 0;
			knownRegions = (
				en,
				Base,
			);
			mainGroup = DF82075329D1635200E6854A;
			productRefGroup = DF82075D29D1635200E6854A /* Products */;
			projectDirPath = "";
			projectRoot = "";
			targets = (
				DF82075B29D1635200E6854A /* remy-movie */,
				DF62498729DC7800002C82A8 /* NetwokrPlatformTest */,
			);
		};
/* End PBXProject section */

/* Begin PBXResourcesBuildPhase section */
		DF62498629DC7800002C82A8 /* Resources */ = {
			isa = PBXResourcesBuildPhase;
			buildActionMask = 2147483647;
			files = (
			);
			runOnlyForDeploymentPostprocessing = 0;
		};
		DF82075A29D1635200E6854A /* Resources */ = {
			isa = PBXResourcesBuildPhase;
			buildActionMask = 2147483647;
			files = (
				DF82076C29D1635300E6854A /* LaunchScreen.storyboard in Resources */,
				DF82076929D1635300E6854A /* Assets.xcassets in Resources */,
			);
			runOnlyForDeploymentPostprocessing = 0;
		};
/* End PBXResourcesBuildPhase section */

/* Begin PBXSourcesBuildPhase section */
		DF62498429DC7800002C82A8 /* Sources */ = {
			isa = PBXSourcesBuildPhase;
			buildActionMask = 2147483647;
			files = (
				DF62498B29DC7800002C82A8 /* NetwokrPlatformTest.swift in Sources */,
				DF06678529E5109300DFF788 /* StubJsons.swift in Sources */,
				DF06677D29E4036200DFF788 /* MovieServiceTest.swift in Sources */,
				DFBB8EEB29F80B90000D1A1C /* MovieInfoUseCaseTest.swift in Sources */,
				DFB56DE029EE6CD40017000D /* MockNetwokrManager.swift in Sources */,
				DFBB8EE629F8065B000D1A1C /* MockMovieService.swift in Sources */,
				DF62499229DC7902002C82A8 /* MockURLProtocol.swift in Sources */,
			);
			runOnlyForDeploymentPostprocessing = 0;
		};
		DF82075829D1635200E6854A /* Sources */ = {
			isa = PBXSourcesBuildPhase;
			buildActionMask = 2147483647;
			files = (
				DF72873429F3E9AB002C6701 /* MovieInfoView.swift in Sources */,
				DF5BA80929DA989C00C96823 /* HTTPMethod.swift in Sources */,
				DF82076429D1635200E6854A /* HomeViewController.swift in Sources */,
				DF06677B29E3FD9B00DFF788 /* ProvidersInfo.swift in Sources */,
				DF6FBB5829E2ABF900BE310A /* Keyword.swift in Sources */,
				DFBB8EE229F7EC40000D1A1C /* MovieInfoUseCase.swift in Sources */,
				DFBB8ED629F6BA03000D1A1C /* MovieCategoryCollectionView.swift in Sources */,
				DF6FBB5029E2A07400BE310A /* Movie.swift in Sources */,
				DF06678829E563CA00DFF788 /* ProvidersByCountryResponse.swift in Sources */,
				DF06677729E3EC2700DFF788 /* EndPoint.swift in Sources */,
				DF72873229F3E8DE002C6701 /* RoundableView.swift in Sources */,
				DF6FBB5229E2A13300BE310A /* MovieDetails.swift in Sources */,
				DF6FBB5429E2A48B00BE310A /* Review.swift in Sources */,
				DFF8932729FBA53200659D49 /* UIImageView + setImage.swift in Sources */,
				DFBB8ED829F79686000D1A1C /* StyleGuide.swift in Sources */,
				DF82076029D1635200E6854A /* AppDelegate.swift in Sources */,
				DF6FBB6729E3044C00BE310A /* Data + decode.swift in Sources */,
				DF6FBB5629E2AAEB00BE310A /* Video.swift in Sources */,
				DF5BA81329DAA23100C96823 /* NetworkManager.swift in Sources */,
				DF82076229D1635200E6854A /* SceneDelegate.swift in Sources */,
				DFF8932329FB846E00659D49 /* MovieInfoCollectionViewModel.swift in Sources */,
				DF5BA81129DAA16700C96823 /* Networkable.swift in Sources */,
				DFBB8EFC29FA6203000D1A1C /* ImageCacheManager.swift in Sources */,
				DF6FBB4E29E2A05F00BE310A /* GenericResponse.swift in Sources */,
				DF72873829F50BED002C6701 /* MovieInfoCell.swift in Sources */,
				DF06678C29E5A34E00DFF788 /* Bundle + apiKey.swift in Sources */,
				DFBB8EFE29FA647F000D1A1C /* MovieInfoViewModel.swift in Sources */,
				DF5BA80B29DA996800C96823 /* NetworkError.swift in Sources */,
				DFF8932529FB941C00659D49 /* ListCategory.swift in Sources */,
				DF6FBB6129E3022700BE310A /* MovieServiceInterface.swift in Sources */,
				DF6FBB6429E3037000BE310A /* MovieService.swift in Sources */,
				DF06678F29E695B100DFF788 /* TmdbAPIDetails.swift in Sources */,
			);
			runOnlyForDeploymentPostprocessing = 0;
		};
/* End PBXSourcesBuildPhase section */

/* Begin PBXTargetDependency section */
		DF62498D29DC7800002C82A8 /* PBXTargetDependency */ = {
			isa = PBXTargetDependency;
			target = DF82075B29D1635200E6854A /* remy-movie */;
			targetProxy = DF62498C29DC7800002C82A8 /* PBXContainerItemProxy */;
		};
/* End PBXTargetDependency section */

/* Begin PBXVariantGroup section */
		DF82076A29D1635300E6854A /* LaunchScreen.storyboard */ = {
			isa = PBXVariantGroup;
			children = (
				DF82076B29D1635300E6854A /* Base */,
			);
			name = LaunchScreen.storyboard;
			sourceTree = "<group>";
		};
/* End PBXVariantGroup section */

/* Begin XCBuildConfiguration section */
		DF62498E29DC7800002C82A8 /* Debug */ = {
			isa = XCBuildConfiguration;
			buildSettings = {
				BUNDLE_LOADER = "$(TEST_HOST)";
				CODE_SIGN_STYLE = Automatic;
				CURRENT_PROJECT_VERSION = 1;
				DEVELOPMENT_TEAM = 299MY3M6HX;
				GENERATE_INFOPLIST_FILE = YES;
				IPHONEOS_DEPLOYMENT_TARGET = 16.0;
				MACOSX_DEPLOYMENT_TARGET = 12.3;
				MARKETING_VERSION = 1.0;
				PRODUCT_BUNDLE_IDENTIFIER = remypark.NetwokrPlatformTest;
				PRODUCT_NAME = "$(TARGET_NAME)";
				SDKROOT = auto;
				SUPPORTED_PLATFORMS = "iphoneos iphonesimulator macosx";
				SWIFT_EMIT_LOC_STRINGS = NO;
				SWIFT_VERSION = 5.0;
				TARGETED_DEVICE_FAMILY = "1,2";
				TEST_HOST = "$(BUILT_PRODUCTS_DIR)/remy-movie.app/$(BUNDLE_EXECUTABLE_FOLDER_PATH)/remy-movie";
			};
			name = Debug;
		};
		DF62498F29DC7800002C82A8 /* Release */ = {
			isa = XCBuildConfiguration;
			buildSettings = {
				BUNDLE_LOADER = "$(TEST_HOST)";
				CODE_SIGN_STYLE = Automatic;
				CURRENT_PROJECT_VERSION = 1;
				DEVELOPMENT_TEAM = 299MY3M6HX;
				GENERATE_INFOPLIST_FILE = YES;
				IPHONEOS_DEPLOYMENT_TARGET = 16.0;
				MACOSX_DEPLOYMENT_TARGET = 12.3;
				MARKETING_VERSION = 1.0;
				PRODUCT_BUNDLE_IDENTIFIER = remypark.NetwokrPlatformTest;
				PRODUCT_NAME = "$(TARGET_NAME)";
				SDKROOT = auto;
				SUPPORTED_PLATFORMS = "iphoneos iphonesimulator macosx";
				SWIFT_EMIT_LOC_STRINGS = NO;
				SWIFT_VERSION = 5.0;
				TARGETED_DEVICE_FAMILY = "1,2";
				TEST_HOST = "$(BUILT_PRODUCTS_DIR)/remy-movie.app/$(BUNDLE_EXECUTABLE_FOLDER_PATH)/remy-movie";
			};
			name = Release;
		};
		DF82076E29D1635300E6854A /* Debug */ = {
			isa = XCBuildConfiguration;
			buildSettings = {
				ALWAYS_SEARCH_USER_PATHS = NO;
				CLANG_ANALYZER_NONNULL = YES;
				CLANG_ANALYZER_NUMBER_OBJECT_CONVERSION = YES_AGGRESSIVE;
				CLANG_CXX_LANGUAGE_STANDARD = "gnu++20";
				CLANG_ENABLE_MODULES = YES;
				CLANG_ENABLE_OBJC_ARC = YES;
				CLANG_ENABLE_OBJC_WEAK = YES;
				CLANG_WARN_BLOCK_CAPTURE_AUTORELEASING = YES;
				CLANG_WARN_BOOL_CONVERSION = YES;
				CLANG_WARN_COMMA = YES;
				CLANG_WARN_CONSTANT_CONVERSION = YES;
				CLANG_WARN_DEPRECATED_OBJC_IMPLEMENTATIONS = YES;
				CLANG_WARN_DIRECT_OBJC_ISA_USAGE = YES_ERROR;
				CLANG_WARN_DOCUMENTATION_COMMENTS = YES;
				CLANG_WARN_EMPTY_BODY = YES;
				CLANG_WARN_ENUM_CONVERSION = YES;
				CLANG_WARN_INFINITE_RECURSION = YES;
				CLANG_WARN_INT_CONVERSION = YES;
				CLANG_WARN_NON_LITERAL_NULL_CONVERSION = YES;
				CLANG_WARN_OBJC_IMPLICIT_RETAIN_SELF = YES;
				CLANG_WARN_OBJC_LITERAL_CONVERSION = YES;
				CLANG_WARN_OBJC_ROOT_CLASS = YES_ERROR;
				CLANG_WARN_QUOTED_INCLUDE_IN_FRAMEWORK_HEADER = YES;
				CLANG_WARN_RANGE_LOOP_ANALYSIS = YES;
				CLANG_WARN_STRICT_PROTOTYPES = YES;
				CLANG_WARN_SUSPICIOUS_MOVE = YES;
				CLANG_WARN_UNGUARDED_AVAILABILITY = YES_AGGRESSIVE;
				CLANG_WARN_UNREACHABLE_CODE = YES;
				CLANG_WARN__DUPLICATE_METHOD_MATCH = YES;
				COPY_PHASE_STRIP = NO;
				DEBUG_INFORMATION_FORMAT = dwarf;
				ENABLE_STRICT_OBJC_MSGSEND = YES;
				ENABLE_TESTABILITY = YES;
				GCC_C_LANGUAGE_STANDARD = gnu11;
				GCC_DYNAMIC_NO_PIC = NO;
				GCC_NO_COMMON_BLOCKS = YES;
				GCC_OPTIMIZATION_LEVEL = 0;
				GCC_PREPROCESSOR_DEFINITIONS = (
					"DEBUG=1",
					"$(inherited)",
				);
				GCC_WARN_64_TO_32_BIT_CONVERSION = YES;
				GCC_WARN_ABOUT_RETURN_TYPE = YES_ERROR;
				GCC_WARN_UNDECLARED_SELECTOR = YES;
				GCC_WARN_UNINITIALIZED_AUTOS = YES_AGGRESSIVE;
				GCC_WARN_UNUSED_FUNCTION = YES;
				GCC_WARN_UNUSED_VARIABLE = YES;
				IPHONEOS_DEPLOYMENT_TARGET = 16.0;
				MTL_ENABLE_DEBUG_INFO = INCLUDE_SOURCE;
				MTL_FAST_MATH = YES;
				ONLY_ACTIVE_ARCH = YES;
				SDKROOT = iphoneos;
				SWIFT_ACTIVE_COMPILATION_CONDITIONS = DEBUG;
				SWIFT_OPTIMIZATION_LEVEL = "-Onone";
			};
			name = Debug;
		};
		DF82076F29D1635300E6854A /* Release */ = {
			isa = XCBuildConfiguration;
			buildSettings = {
				ALWAYS_SEARCH_USER_PATHS = NO;
				CLANG_ANALYZER_NONNULL = YES;
				CLANG_ANALYZER_NUMBER_OBJECT_CONVERSION = YES_AGGRESSIVE;
				CLANG_CXX_LANGUAGE_STANDARD = "gnu++20";
				CLANG_ENABLE_MODULES = YES;
				CLANG_ENABLE_OBJC_ARC = YES;
				CLANG_ENABLE_OBJC_WEAK = YES;
				CLANG_WARN_BLOCK_CAPTURE_AUTORELEASING = YES;
				CLANG_WARN_BOOL_CONVERSION = YES;
				CLANG_WARN_COMMA = YES;
				CLANG_WARN_CONSTANT_CONVERSION = YES;
				CLANG_WARN_DEPRECATED_OBJC_IMPLEMENTATIONS = YES;
				CLANG_WARN_DIRECT_OBJC_ISA_USAGE = YES_ERROR;
				CLANG_WARN_DOCUMENTATION_COMMENTS = YES;
				CLANG_WARN_EMPTY_BODY = YES;
				CLANG_WARN_ENUM_CONVERSION = YES;
				CLANG_WARN_INFINITE_RECURSION = YES;
				CLANG_WARN_INT_CONVERSION = YES;
				CLANG_WARN_NON_LITERAL_NULL_CONVERSION = YES;
				CLANG_WARN_OBJC_IMPLICIT_RETAIN_SELF = YES;
				CLANG_WARN_OBJC_LITERAL_CONVERSION = YES;
				CLANG_WARN_OBJC_ROOT_CLASS = YES_ERROR;
				CLANG_WARN_QUOTED_INCLUDE_IN_FRAMEWORK_HEADER = YES;
				CLANG_WARN_RANGE_LOOP_ANALYSIS = YES;
				CLANG_WARN_STRICT_PROTOTYPES = YES;
				CLANG_WARN_SUSPICIOUS_MOVE = YES;
				CLANG_WARN_UNGUARDED_AVAILABILITY = YES_AGGRESSIVE;
				CLANG_WARN_UNREACHABLE_CODE = YES;
				CLANG_WARN__DUPLICATE_METHOD_MATCH = YES;
				COPY_PHASE_STRIP = NO;
				DEBUG_INFORMATION_FORMAT = "dwarf-with-dsym";
				ENABLE_NS_ASSERTIONS = NO;
				ENABLE_STRICT_OBJC_MSGSEND = YES;
				GCC_C_LANGUAGE_STANDARD = gnu11;
				GCC_NO_COMMON_BLOCKS = YES;
				GCC_WARN_64_TO_32_BIT_CONVERSION = YES;
				GCC_WARN_ABOUT_RETURN_TYPE = YES_ERROR;
				GCC_WARN_UNDECLARED_SELECTOR = YES;
				GCC_WARN_UNINITIALIZED_AUTOS = YES_AGGRESSIVE;
				GCC_WARN_UNUSED_FUNCTION = YES;
				GCC_WARN_UNUSED_VARIABLE = YES;
				IPHONEOS_DEPLOYMENT_TARGET = 16.0;
				MTL_ENABLE_DEBUG_INFO = NO;
				MTL_FAST_MATH = YES;
				SDKROOT = iphoneos;
				SWIFT_COMPILATION_MODE = wholemodule;
				SWIFT_OPTIMIZATION_LEVEL = "-O";
				VALIDATE_PRODUCT = YES;
			};
			name = Release;
		};
		DF82077129D1635300E6854A /* Debug */ = {
			isa = XCBuildConfiguration;
			baseConfigurationReference = DF06678A29E5A1AD00DFF788 /* Secrets.xcconfig */;
			buildSettings = {
				ASSETCATALOG_COMPILER_APPICON_NAME = AppIcon;
				ASSETCATALOG_COMPILER_GLOBAL_ACCENT_COLOR_NAME = AccentColor;
				CODE_SIGN_STYLE = Automatic;
				CURRENT_PROJECT_VERSION = 1;
				DEVELOPMENT_TEAM = 299MY3M6HX;
				GENERATE_INFOPLIST_FILE = YES;
				INFOPLIST_FILE = "remy-movie/Resources/Info.plist";
				INFOPLIST_KEY_UIApplicationSupportsIndirectInputEvents = YES;
				INFOPLIST_KEY_UILaunchStoryboardName = LaunchScreen;
				INFOPLIST_KEY_UISupportedInterfaceOrientations_iPad = "UIInterfaceOrientationPortrait UIInterfaceOrientationPortraitUpsideDown UIInterfaceOrientationLandscapeLeft UIInterfaceOrientationLandscapeRight";
				INFOPLIST_KEY_UISupportedInterfaceOrientations_iPhone = "UIInterfaceOrientationPortrait UIInterfaceOrientationLandscapeLeft UIInterfaceOrientationLandscapeRight";
				LD_RUNPATH_SEARCH_PATHS = (
					"$(inherited)",
					"@executable_path/Frameworks",
				);
				MARKETING_VERSION = 1.0;
				PRODUCT_BUNDLE_IDENTIFIER = "remypark.remy-movie";
				PRODUCT_NAME = "$(TARGET_NAME)";
				SUPPORTED_PLATFORMS = "iphoneos iphonesimulator";
				SUPPORTS_MACCATALYST = NO;
				SUPPORTS_MAC_DESIGNED_FOR_IPHONE_IPAD = NO;
				SWIFT_EMIT_LOC_STRINGS = YES;
				SWIFT_VERSION = 5.0;
				TARGETED_DEVICE_FAMILY = "1,2";
			};
			name = Debug;
		};
		DF82077229D1635300E6854A /* Release */ = {
			isa = XCBuildConfiguration;
			baseConfigurationReference = DF06678A29E5A1AD00DFF788 /* Secrets.xcconfig */;
			buildSettings = {
				ASSETCATALOG_COMPILER_APPICON_NAME = AppIcon;
				ASSETCATALOG_COMPILER_GLOBAL_ACCENT_COLOR_NAME = AccentColor;
				CODE_SIGN_STYLE = Automatic;
				CURRENT_PROJECT_VERSION = 1;
				DEVELOPMENT_TEAM = 299MY3M6HX;
				GENERATE_INFOPLIST_FILE = YES;
				INFOPLIST_FILE = "remy-movie/Resources/Info.plist";
				INFOPLIST_KEY_UIApplicationSupportsIndirectInputEvents = YES;
				INFOPLIST_KEY_UILaunchStoryboardName = LaunchScreen;
				INFOPLIST_KEY_UISupportedInterfaceOrientations_iPad = "UIInterfaceOrientationPortrait UIInterfaceOrientationPortraitUpsideDown UIInterfaceOrientationLandscapeLeft UIInterfaceOrientationLandscapeRight";
				INFOPLIST_KEY_UISupportedInterfaceOrientations_iPhone = "UIInterfaceOrientationPortrait UIInterfaceOrientationLandscapeLeft UIInterfaceOrientationLandscapeRight";
				LD_RUNPATH_SEARCH_PATHS = (
					"$(inherited)",
					"@executable_path/Frameworks",
				);
				MARKETING_VERSION = 1.0;
				PRODUCT_BUNDLE_IDENTIFIER = "remypark.remy-movie";
				PRODUCT_NAME = "$(TARGET_NAME)";
				SUPPORTED_PLATFORMS = "iphoneos iphonesimulator";
				SUPPORTS_MACCATALYST = NO;
				SUPPORTS_MAC_DESIGNED_FOR_IPHONE_IPAD = NO;
				SWIFT_EMIT_LOC_STRINGS = YES;
				SWIFT_VERSION = 5.0;
				TARGETED_DEVICE_FAMILY = "1,2";
			};
			name = Release;
		};
/* End XCBuildConfiguration section */

/* Begin XCConfigurationList section */
		DF62499029DC7800002C82A8 /* Build configuration list for PBXNativeTarget "NetwokrPlatformTest" */ = {
			isa = XCConfigurationList;
			buildConfigurations = (
				DF62498E29DC7800002C82A8 /* Debug */,
				DF62498F29DC7800002C82A8 /* Release */,
			);
			defaultConfigurationIsVisible = 0;
			defaultConfigurationName = Release;
		};
		DF82075729D1635200E6854A /* Build configuration list for PBXProject "remy-movie" */ = {
			isa = XCConfigurationList;
			buildConfigurations = (
				DF82076E29D1635300E6854A /* Debug */,
				DF82076F29D1635300E6854A /* Release */,
			);
			defaultConfigurationIsVisible = 0;
			defaultConfigurationName = Release;
		};
		DF82077029D1635300E6854A /* Build configuration list for PBXNativeTarget "remy-movie" */ = {
			isa = XCConfigurationList;
			buildConfigurations = (
				DF82077129D1635300E6854A /* Debug */,
				DF82077229D1635300E6854A /* Release */,
			);
			defaultConfigurationIsVisible = 0;
			defaultConfigurationName = Release;
		};
/* End XCConfigurationList section */
	};
	rootObject = DF82075429D1635200E6854A /* Project object */;
}
